
Microsoft Visual Studio Solution File, Format Version 12.00
# Visual Studio 15
VisualStudioVersion = 15.0.28307.757
MinimumVisualStudioVersion = 10.0.40219.1
Project("{FAE04EC0-301F-11D3-BF4B-00C04F79EFBC}") = "CalculadoraWindows", "CalculadoraWindows\CalculadoraWindows.csproj", "{7E84D70B-34F3-43CF-A28A-4F353AAF67F3}"
EndProject
Global
	GlobalSection(SolutionConfigurationPlatforms) = preSolution
		Debug|Any CPU = Debug|Any CPU
		Release|Any CPU = Release|Any CPU
	EndGlobalSection
	GlobalSection(ProjectConfigurationPlatforms) = postSolution
		{7E84D70B-34F3-43CF-A28A-4F353AAF67F3}.Debug|Any CPU.ActiveCfg = Debug|Any CPU
		{7E84D70B-34F3-43CF-A28A-4F353AAF67F3}.Debug|Any CPU.Build.0 = Debug|Any CPU
		{7E84D70B-34F3-43CF-A28A-4F353AAF67F3}.Release|Any CPU.ActiveCfg = Release|Any CPU
		{7E84D70B-34F3-43CF-A28A-4F353AAF67F3}.Release|Any CPU.Build.0 = Release|Any CPU
	EndGlobalSection
	GlobalSection(SolutionProperties) = preSolution
		HideSolutionNode = FALSE
	EndGlobalSection
	GlobalSection(ExtensibilityGlobals) = postSolution
		SolutionGuid = {E58A8222-279A-43C2-9A40-8BA94B35E88C}
	EndGlobalSection
EndGlobal
